
Microsoft Visual Studio Solution File, Format Version 12.00
# Visual Studio 15
Project("{FAE04EC0-301F-11D3-BF4B-00C04F79EFBC}") = "Glow.Plugins", "Glow.Plugins.csproj", "{6AD0FDF6-E37D-7A41-8588-64BEDD44D5A7}"
EndProject
Project("{FAE04EC0-301F-11D3-BF4B-00C04F79EFBC}") = "Glow", "Glow.csproj", "{6840EB9B-CBA6-3C16-6C7A-74054B9CC161}"
EndProject
Project("{FAE04EC0-301F-11D3-BF4B-00C04F79EFBC}") = "Glow.Editor.Plugins", "Glow.Editor.Plugins.csproj", "{C59B1C4B-3296-FF10-515D-1CD54D40E942}"
EndProject
Global
	GlobalSection(SolutionConfigurationPlatforms) = preSolution
		Debug|Any CPU = Debug|Any CPU
		Release|Any CPU = Release|Any CPU
	EndGlobalSection
	GlobalSection(ProjectConfigurationPlatforms) = postSolution
		{6AD0FDF6-E37D-7A41-8588-64BEDD44D5A7}.Debug|Any CPU.ActiveCfg = Debug|Any CPU
		{6AD0FDF6-E37D-7A41-8588-64BEDD44D5A7}.Debug|Any CPU.Build.0 = Debug|Any CPU
		{6AD0FDF6-E37D-7A41-8588-64BEDD44D5A7}.Release|Any CPU.ActiveCfg = Release|Any CPU
		{6AD0FDF6-E37D-7A41-8588-64BEDD44D5A7}.Release|Any CPU.Build.0 = Release|Any CPU
		{6840EB9B-CBA6-3C16-6C7A-74054B9CC161}.Debug|Any CPU.ActiveCfg = Debug|Any CPU
		{6840EB9B-CBA6-3C16-6C7A-74054B9CC161}.Debug|Any CPU.Build.0 = Debug|Any CPU
		{6840EB9B-CBA6-3C16-6C7A-74054B9CC161}.Release|Any CPU.ActiveCfg = Release|Any CPU
		{6840EB9B-CBA6-3C16-6C7A-74054B9CC161}.Release|Any CPU.Build.0 = Release|Any CPU
		{C59B1C4B-3296-FF10-515D-1CD54D40E942}.Debug|Any CPU.ActiveCfg = Debug|Any CPU
		{C59B1C4B-3296-FF10-515D-1CD54D40E942}.Debug|Any CPU.Build.0 = Debug|Any CPU
		{C59B1C4B-3296-FF10-515D-1CD54D40E942}.Release|Any CPU.ActiveCfg = Release|Any CPU
		{C59B1C4B-3296-FF10-515D-1CD54D40E942}.Release|Any CPU.Build.0 = Release|Any CPU
	EndGlobalSection
	GlobalSection(SolutionProperties) = preSolution
		HideSolutionNode = FALSE
	EndGlobalSection
EndGlobal
